// !$*UTF8*$!
{
	archiveVersion = 1;
	classes = {
	};
	objectVersion = 50;
	objects = {

/* Begin PBXBuildFile section */
		C54120A42560456C0066397B /* DataManager.swift in Sources */ = {isa = PBXBuildFile; fileRef = C54120A32560456C0066397B /* DataManager.swift */; };
		C54120AE256071960066397B /* LearnCollectionViewCell.swift in Sources */ = {isa = PBXBuildFile; fileRef = C54120AD256071960066397B /* LearnCollectionViewCell.swift */; };
		C54282FC25573E3300A50DAF /* WordList.swift in Sources */ = {isa = PBXBuildFile; fileRef = C54282FB25573E3300A50DAF /* WordList.swift */; };
		C550C646253469AE00EE103E /* AppDelegate.swift in Sources */ = {isa = PBXBuildFile; fileRef = C550C645253469AE00EE103E /* AppDelegate.swift */; };
		C550C648253469AE00EE103E /* SceneDelegate.swift in Sources */ = {isa = PBXBuildFile; fileRef = C550C647253469AE00EE103E /* SceneDelegate.swift */; };
		C550C64A253469AE00EE103E /* TabBarViewController.swift in Sources */ = {isa = PBXBuildFile; fileRef = C550C649253469AE00EE103E /* TabBarViewController.swift */; };
		C550C64F253469AF00EE103E /* Assets.xcassets in Resources */ = {isa = PBXBuildFile; fileRef = C550C64E253469AF00EE103E /* Assets.xcassets */; };
		C550C652253469AF00EE103E /* LaunchScreen.storyboard in Resources */ = {isa = PBXBuildFile; fileRef = C550C650253469AF00EE103E /* LaunchScreen.storyboard */; };
		C550C6902537168200EE103E /* CustomButton.swift in Sources */ = {isa = PBXBuildFile; fileRef = C550C68F2537168200EE103E /* CustomButton.swift */; };
		C550C6962538C5F300EE103E /* DictionaryMenuViewController.swift in Sources */ = {isa = PBXBuildFile; fileRef = C550C6952538C5F300EE103E /* DictionaryMenuViewController.swift */; };
		C550C69C2538C68400EE103E /* MainMenuViewController.swift in Sources */ = {isa = PBXBuildFile; fileRef = C550C69B2538C68400EE103E /* MainMenuViewController.swift */; };
		C550C6A02538C6D100EE103E /* TutorialViewController.swift in Sources */ = {isa = PBXBuildFile; fileRef = C550C69F2538C6D100EE103E /* TutorialViewController.swift */; };
		C550C6A42538C70900EE103E /* LearnMenuViewController.swift in Sources */ = {isa = PBXBuildFile; fileRef = C550C6A32538C70900EE103E /* LearnMenuViewController.swift */; };
		C550C6AE2538C88000EE103E /* CustomScrollView.swift in Sources */ = {isa = PBXBuildFile; fileRef = C550C6AD2538C88000EE103E /* CustomScrollView.swift */; };
		C550C6B42538CEEB00EE103E /* AddWordsViewController.swift in Sources */ = {isa = PBXBuildFile; fileRef = C550C6B32538CEEB00EE103E /* AddWordsViewController.swift */; };
		C574145B2544D08A00D771FE /* PickLanguagesViewController.swift in Sources */ = {isa = PBXBuildFile; fileRef = C574145A2544D08A00D771FE /* PickLanguagesViewController.swift */; };
		C574145E2544D10C00D771FE /* ScanViewController.swift in Sources */ = {isa = PBXBuildFile; fileRef = C574145D2544D10C00D771FE /* ScanViewController.swift */; };
		C57414622544D1A300D771FE /* TypeInViewController.swift in Sources */ = {isa = PBXBuildFile; fileRef = C57414612544D1A300D771FE /* TypeInViewController.swift */; };
		C57414642544D2D800D771FE /* Pods_VocTrainer.framework in Frameworks */ = {isa = PBXBuildFile; fileRef = C9F9C2A939DBB6D70FFF2400 /* Pods_VocTrainer.framework */; };
		C574146E2544DBF700D771FE /* CustomCell.swift in Sources */ = {isa = PBXBuildFile; fileRef = C574146D2544DBF700D771FE /* CustomCell.swift */; };
		C5768674258E9E5D0095A8CC /* PreQuizViewController.swift in Sources */ = {isa = PBXBuildFile; fileRef = C5768672258E9E5D0095A8CC /* PreQuizViewController.swift */; };
		C577B96425B210760094E43B /* DeleteListsViewController.swift in Sources */ = {isa = PBXBuildFile; fileRef = C577B96325B210760094E43B /* DeleteListsViewController.swift */; };
		C57E9F9725AF912A00586BB2 /* SettingsViewController.swift in Sources */ = {isa = PBXBuildFile; fileRef = C57E9F9625AF912900586BB2 /* SettingsViewController.swift */; };
		C58F06712555D2BA0049B332 /* TableViewCell.swift in Sources */ = {isa = PBXBuildFile; fileRef = C58F06702555D2BA0049B332 /* TableViewCell.swift */; };
		C594C63D259982760063EBC8 /* QuizViewController.swift in Sources */ = {isa = PBXBuildFile; fileRef = C594C63C259982760063EBC8 /* QuizViewController.swift */; };
		C59F21B0254A2CBE002552F2 /* NamingViewController.swift in Sources */ = {isa = PBXBuildFile; fileRef = C59F21AF254A2CBE002552F2 /* NamingViewController.swift */; };
/* End PBXBuildFile section */

/* Begin PBXFileReference section */
		3AD27750C850E4AD94E0A8A9 /* Pods-VocTrainer.debug.xcconfig */ = {isa = PBXFileReference; includeInIndex = 1; lastKnownFileType = text.xcconfig; name = "Pods-VocTrainer.debug.xcconfig"; path = "Target Support Files/Pods-VocTrainer/Pods-VocTrainer.debug.xcconfig"; sourceTree = "<group>"; };
		72327746F95FDCACD32499F0 /* Pods-VocTrainer.release.xcconfig */ = {isa = PBXFileReference; includeInIndex = 1; lastKnownFileType = text.xcconfig; name = "Pods-VocTrainer.release.xcconfig"; path = "Target Support Files/Pods-VocTrainer/Pods-VocTrainer.release.xcconfig"; sourceTree = "<group>"; };
		C54120A32560456C0066397B /* DataManager.swift */ = {isa = PBXFileReference; lastKnownFileType = sourcecode.swift; path = DataManager.swift; sourceTree = "<group>"; };
		C54120AD256071960066397B /* LearnCollectionViewCell.swift */ = {isa = PBXFileReference; lastKnownFileType = sourcecode.swift; path = LearnCollectionViewCell.swift; sourceTree = "<group>"; };
		C54282FB25573E3300A50DAF /* WordList.swift */ = {isa = PBXFileReference; lastKnownFileType = sourcecode.swift; path = WordList.swift; sourceTree = "<group>"; };
		C550C642253469AE00EE103E /* VocTrainer.app */ = {isa = PBXFileReference; explicitFileType = wrapper.application; includeInIndex = 0; path = VocTrainer.app; sourceTree = BUILT_PRODUCTS_DIR; };
		C550C645253469AE00EE103E /* AppDelegate.swift */ = {isa = PBXFileReference; lastKnownFileType = sourcecode.swift; path = AppDelegate.swift; sourceTree = "<group>"; };
		C550C647253469AE00EE103E /* SceneDelegate.swift */ = {isa = PBXFileReference; lastKnownFileType = sourcecode.swift; path = SceneDelegate.swift; sourceTree = "<group>"; };
		C550C649253469AE00EE103E /* TabBarViewController.swift */ = {isa = PBXFileReference; lastKnownFileType = sourcecode.swift; path = TabBarViewController.swift; sourceTree = "<group>"; };
		C550C64E253469AF00EE103E /* Assets.xcassets */ = {isa = PBXFileReference; lastKnownFileType = folder.assetcatalog; path = Assets.xcassets; sourceTree = "<group>"; };
		C550C651253469AF00EE103E /* Base */ = {isa = PBXFileReference; lastKnownFileType = file.storyboard; name = Base; path = Base.lproj/LaunchScreen.storyboard; sourceTree = "<group>"; };
		C550C653253469AF00EE103E /* Info.plist */ = {isa = PBXFileReference; lastKnownFileType = text.plist.xml; path = Info.plist; sourceTree = "<group>"; };
		C550C68F2537168200EE103E /* CustomButton.swift */ = {isa = PBXFileReference; lastKnownFileType = sourcecode.swift; path = CustomButton.swift; sourceTree = "<group>"; };
		C550C6952538C5F300EE103E /* DictionaryMenuViewController.swift */ = {isa = PBXFileReference; lastKnownFileType = sourcecode.swift; path = DictionaryMenuViewController.swift; sourceTree = "<group>"; };
		C550C69B2538C68400EE103E /* MainMenuViewController.swift */ = {isa = PBXFileReference; lastKnownFileType = sourcecode.swift; path = MainMenuViewController.swift; sourceTree = "<group>"; };
		C550C69F2538C6D100EE103E /* TutorialViewController.swift */ = {isa = PBXFileReference; lastKnownFileType = sourcecode.swift; path = TutorialViewController.swift; sourceTree = "<group>"; };
		C550C6A32538C70900EE103E /* LearnMenuViewController.swift */ = {isa = PBXFileReference; lastKnownFileType = sourcecode.swift; path = LearnMenuViewController.swift; sourceTree = "<group>"; };
		C550C6AD2538C88000EE103E /* CustomScrollView.swift */ = {isa = PBXFileReference; lastKnownFileType = sourcecode.swift; path = CustomScrollView.swift; sourceTree = "<group>"; };
		C550C6B32538CEEB00EE103E /* AddWordsViewController.swift */ = {isa = PBXFileReference; lastKnownFileType = sourcecode.swift; path = AddWordsViewController.swift; sourceTree = "<group>"; };
		C574145A2544D08A00D771FE /* PickLanguagesViewController.swift */ = {isa = PBXFileReference; lastKnownFileType = sourcecode.swift; path = PickLanguagesViewController.swift; sourceTree = "<group>"; };
		C574145D2544D10C00D771FE /* ScanViewController.swift */ = {isa = PBXFileReference; lastKnownFileType = sourcecode.swift; path = ScanViewController.swift; sourceTree = "<group>"; };
		C57414612544D1A300D771FE /* TypeInViewController.swift */ = {isa = PBXFileReference; lastKnownFileType = sourcecode.swift; path = TypeInViewController.swift; sourceTree = "<group>"; };
		C574146D2544DBF700D771FE /* CustomCell.swift */ = {isa = PBXFileReference; lastKnownFileType = sourcecode.swift; path = CustomCell.swift; sourceTree = "<group>"; };
		C5768672258E9E5D0095A8CC /* PreQuizViewController.swift */ = {isa = PBXFileReference; lastKnownFileType = sourcecode.swift; path = PreQuizViewController.swift; sourceTree = "<group>"; };
		C577B96325B210760094E43B /* DeleteListsViewController.swift */ = {isa = PBXFileReference; lastKnownFileType = sourcecode.swift; path = DeleteListsViewController.swift; sourceTree = "<group>"; };
		C57E9F9625AF912900586BB2 /* SettingsViewController.swift */ = {isa = PBXFileReference; lastKnownFileType = sourcecode.swift; path = SettingsViewController.swift; sourceTree = "<group>"; };
		C58F06702555D2BA0049B332 /* TableViewCell.swift */ = {isa = PBXFileReference; lastKnownFileType = sourcecode.swift; path = TableViewCell.swift; sourceTree = "<group>"; };
		C594C63C259982760063EBC8 /* QuizViewController.swift */ = {isa = PBXFileReference; lastKnownFileType = sourcecode.swift; path = QuizViewController.swift; sourceTree = "<group>"; };
		C59F21AF254A2CBE002552F2 /* NamingViewController.swift */ = {isa = PBXFileReference; lastKnownFileType = sourcecode.swift; path = NamingViewController.swift; sourceTree = "<group>"; };
		C9F9C2A939DBB6D70FFF2400 /* Pods_VocTrainer.framework */ = {isa = PBXFileReference; explicitFileType = wrapper.framework; includeInIndex = 0; path = Pods_VocTrainer.framework; sourceTree = BUILT_PRODUCTS_DIR; };
/* End PBXFileReference section */

/* Begin PBXFrameworksBuildPhase section */
		C550C63F253469AE00EE103E /* Frameworks */ = {
			isa = PBXFrameworksBuildPhase;
			buildActionMask = 2147483647;
			files = (
				C57414642544D2D800D771FE /* Pods_VocTrainer.framework in Frameworks */,
			);
			runOnlyForDeploymentPostprocessing = 0;
		};
/* End PBXFrameworksBuildPhase section */

/* Begin PBXGroup section */
		50DA5FE53ED4AE9B6DEB832F /* Pods */ = {
			isa = PBXGroup;
			children = (
				3AD27750C850E4AD94E0A8A9 /* Pods-VocTrainer.debug.xcconfig */,
				72327746F95FDCACD32499F0 /* Pods-VocTrainer.release.xcconfig */,
			);
			path = Pods;
			sourceTree = "<group>";
		};
		66DB2DC5BFA99DA69654D591 /* Frameworks */ = {
			isa = PBXGroup;
			children = (
				C9F9C2A939DBB6D70FFF2400 /* Pods_VocTrainer.framework */,
			);
			name = Frameworks;
			sourceTree = "<group>";
		};
		C54120B0256073680066397B /* Cells */ = {
			isa = PBXGroup;
			children = (
				C574146D2544DBF700D771FE /* CustomCell.swift */,
				C54120AD256071960066397B /* LearnCollectionViewCell.swift */,
				C58F06702555D2BA0049B332 /* TableViewCell.swift */,
			);
			path = Cells;
			sourceTree = "<group>";
		};
		C550C639253469AE00EE103E = {
			isa = PBXGroup;
			children = (
				C550C644253469AE00EE103E /* VocTrainer */,
				C550C643253469AE00EE103E /* Products */,
				50DA5FE53ED4AE9B6DEB832F /* Pods */,
				66DB2DC5BFA99DA69654D591 /* Frameworks */,
			);
			sourceTree = "<group>";
		};
		C550C643253469AE00EE103E /* Products */ = {
			isa = PBXGroup;
			children = (
				C550C642253469AE00EE103E /* VocTrainer.app */,
			);
			name = Products;
			sourceTree = "<group>";
		};
		C550C644253469AE00EE103E /* VocTrainer */ = {
			isa = PBXGroup;
			children = (
				C550C6A92538C76E00EE103E /* Backend */,
				C550C6A82538C76100EE103E /* Frontend */,
				C550C653253469AF00EE103E /* Info.plist */,
				C550C64E253469AF00EE103E /* Assets.xcassets */,
			);
			path = VocTrainer;
			sourceTree = "<group>";
		};
		C550C6A72538C73200EE103E /* CustomUIElements */ = {
			isa = PBXGroup;
			children = (
				C54120B0256073680066397B /* Cells */,
				C550C68F2537168200EE103E /* CustomButton.swift */,
				C550C6AD2538C88000EE103E /* CustomScrollView.swift */,
			);
			path = CustomUIElements;
			sourceTree = "<group>";
		};
		C550C6A82538C76100EE103E /* Frontend */ = {
			isa = PBXGroup;
			children = (
				C550C645253469AE00EE103E /* AppDelegate.swift */,
				C550C647253469AE00EE103E /* SceneDelegate.swift */,
				C550C650253469AF00EE103E /* LaunchScreen.storyboard */,
				C550C6AA2538C78500EE103E /* ViewControllers */,
				C550C6B02538CEA300EE103E /* Home */,
				C550C6A72538C73200EE103E /* CustomUIElements */,
			);
			path = Frontend;
			sourceTree = "<group>";
		};
		C550C6A92538C76E00EE103E /* Backend */ = {
			isa = PBXGroup;
			children = (
				C54120A32560456C0066397B /* DataManager.swift */,
				C54282FB25573E3300A50DAF /* WordList.swift */,
			);
			path = Backend;
			sourceTree = "<group>";
		};
		C550C6AA2538C78500EE103E /* ViewControllers */ = {
			isa = PBXGroup;
			children = (
				C550C649253469AE00EE103E /* TabBarViewController.swift */,
				C550C6B22538CEC500EE103E /* Dictionary */,
				C550C6B12538CEBA00EE103E /* Learn */,
			);
			path = ViewControllers;
			sourceTree = "<group>";
		};
		C550C6B02538CEA300EE103E /* Home */ = {
			isa = PBXGroup;
			children = (
				C550C69F2538C6D100EE103E /* TutorialViewController.swift */,
				C550C69B2538C68400EE103E /* MainMenuViewController.swift */,
				C57E9F9625AF912900586BB2 /* SettingsViewController.swift */,
				C577B96325B210760094E43B /* DeleteListsViewController.swift */,
			);
			path = Home;
			sourceTree = "<group>";
		};
		C550C6B12538CEBA00EE103E /* Learn */ = {
			isa = PBXGroup;
			children = (
				C5768678258E9E820095A8CC /* QuizViewControllers */,
				C57414592544D04700D771FE /* Scan */,
				C57414582544D02000D771FE /* Type In */,
				C550C6A32538C70900EE103E /* LearnMenuViewController.swift */,
				C550C6B32538CEEB00EE103E /* AddWordsViewController.swift */,
				C59F21AF254A2CBE002552F2 /* NamingViewController.swift */,
			);
			path = Learn;
			sourceTree = "<group>";
		};
		C550C6B22538CEC500EE103E /* Dictionary */ = {
			isa = PBXGroup;
			children = (
				C550C6952538C5F300EE103E /* DictionaryMenuViewController.swift */,
			);
			path = Dictionary;
			sourceTree = "<group>";
		};
		C57414582544D02000D771FE /* Type In */ = {
			isa = PBXGroup;
			children = (
				C574145A2544D08A00D771FE /* PickLanguagesViewController.swift */,
				C57414612544D1A300D771FE /* TypeInViewController.swift */,
			);
			path = "Type In";
			sourceTree = "<group>";
		};
		C57414592544D04700D771FE /* Scan */ = {
			isa = PBXGroup;
			children = (
				C574145D2544D10C00D771FE /* ScanViewController.swift */,
			);
			path = Scan;
			sourceTree = "<group>";
		};
		C5768678258E9E820095A8CC /* QuizViewControllers */ = {
			isa = PBXGroup;
			children = (
				C5768672258E9E5D0095A8CC /* PreQuizViewController.swift */,
				C594C63C259982760063EBC8 /* QuizViewController.swift */,
			);
			path = QuizViewControllers;
			sourceTree = "<group>";
		};
/* End PBXGroup section */

/* Begin PBXNativeTarget section */
		C550C641253469AE00EE103E /* VocTrainer */ = {
			isa = PBXNativeTarget;
			buildConfigurationList = C550C656253469AF00EE103E /* Build configuration list for PBXNativeTarget "VocTrainer" */;
			buildPhases = (
				F7BA473FEF7DFF3F1C218763 /* [CP] Check Pods Manifest.lock */,
				C550C63E253469AE00EE103E /* Sources */,
				C550C63F253469AE00EE103E /* Frameworks */,
				C550C640253469AE00EE103E /* Resources */,
			);
			buildRules = (
			);
			dependencies = (
			);
			name = VocTrainer;
			productName = VocTrainer;
			productReference = C550C642253469AE00EE103E /* VocTrainer.app */;
			productType = "com.apple.product-type.application";
		};
/* End PBXNativeTarget section */

/* Begin PBXProject section */
		C550C63A253469AE00EE103E /* Project object */ = {
			isa = PBXProject;
			attributes = {
				LastSwiftUpdateCheck = 1220;
				LastUpgradeCheck = 1220;
				TargetAttributes = {
					C550C641253469AE00EE103E = {
						CreatedOnToolsVersion = 12.2;
						LastSwiftMigration = 1220;
					};
				};
			};
			buildConfigurationList = C550C63D253469AE00EE103E /* Build configuration list for PBXProject "VocTrainer" */;
			compatibilityVersion = "Xcode 9.3";
			developmentRegion = en;
			hasScannedForEncodings = 0;
			knownRegions = (
				en,
				Base,
			);
			mainGroup = C550C639253469AE00EE103E;
			productRefGroup = C550C643253469AE00EE103E /* Products */;
			projectDirPath = "";
			projectRoot = "";
			targets = (
				C550C641253469AE00EE103E /* VocTrainer */,
			);
		};
/* End PBXProject section */

/* Begin PBXResourcesBuildPhase section */
		C550C640253469AE00EE103E /* Resources */ = {
			isa = PBXResourcesBuildPhase;
			buildActionMask = 2147483647;
			files = (
				C550C652253469AF00EE103E /* LaunchScreen.storyboard in Resources */,
				C550C64F253469AF00EE103E /* Assets.xcassets in Resources */,
			);
			runOnlyForDeploymentPostprocessing = 0;
		};
/* End PBXResourcesBuildPhase section */

/* Begin PBXShellScriptBuildPhase section */
		F7BA473FEF7DFF3F1C218763 /* [CP] Check Pods Manifest.lock */ = {
			isa = PBXShellScriptBuildPhase;
			buildActionMask = 2147483647;
			files = (
			);
			inputFileListPaths = (
			);
			inputPaths = (
				"${PODS_PODFILE_DIR_PATH}/Podfile.lock",
				"${PODS_ROOT}/Manifest.lock",
			);
			name = "[CP] Check Pods Manifest.lock";
			outputFileListPaths = (
			);
			outputPaths = (
				"$(DERIVED_FILE_DIR)/Pods-VocTrainer-checkManifestLockResult.txt",
			);
			runOnlyForDeploymentPostprocessing = 0;
			shellPath = /bin/sh;
			shellScript = "diff \"${PODS_PODFILE_DIR_PATH}/Podfile.lock\" \"${PODS_ROOT}/Manifest.lock\" > /dev/null\nif [ $? != 0 ] ; then\n    # print error to STDERR\n    echo \"error: The sandbox is not in sync with the Podfile.lock. Run 'pod install' or update your CocoaPods installation.\" >&2\n    exit 1\nfi\n# This output is used by Xcode 'outputs' to avoid re-running this script phase.\necho \"SUCCESS\" > \"${SCRIPT_OUTPUT_FILE_0}\"\n";
			showEnvVarsInLog = 0;
		};
/* End PBXShellScriptBuildPhase section */

/* Begin PBXSourcesBuildPhase section */
		C550C63E253469AE00EE103E /* Sources */ = {
			isa = PBXSourcesBuildPhase;
			buildActionMask = 2147483647;
			files = (
				C550C6A42538C70900EE103E /* LearnMenuViewController.swift in Sources */,
				C550C6962538C5F300EE103E /* DictionaryMenuViewController.swift in Sources */,
				C550C6B42538CEEB00EE103E /* AddWordsViewController.swift in Sources */,
				C574145E2544D10C00D771FE /* ScanViewController.swift in Sources */,
				C577B96425B210760094E43B /* DeleteListsViewController.swift in Sources */,
				C574145B2544D08A00D771FE /* PickLanguagesViewController.swift in Sources */,
				C550C6A02538C6D100EE103E /* TutorialViewController.swift in Sources */,
				C574146E2544DBF700D771FE /* CustomCell.swift in Sources */,
				C54120A42560456C0066397B /* DataManager.swift in Sources */,
				C550C6AE2538C88000EE103E /* CustomScrollView.swift in Sources */,
				C550C64A253469AE00EE103E /* TabBarViewController.swift in Sources */,
				C550C646253469AE00EE103E /* AppDelegate.swift in Sources */,
				C54120AE256071960066397B /* LearnCollectionViewCell.swift in Sources */,
				C550C69C2538C68400EE103E /* MainMenuViewController.swift in Sources */,
				C57E9F9725AF912A00586BB2 /* SettingsViewController.swift in Sources */,
				C550C648253469AE00EE103E /* SceneDelegate.swift in Sources */,
				C550C6902537168200EE103E /* CustomButton.swift in Sources */,
				C594C63D259982760063EBC8 /* QuizViewController.swift in Sources */,
				C58F06712555D2BA0049B332 /* TableViewCell.swift in Sources */,
				C59F21B0254A2CBE002552F2 /* NamingViewController.swift in Sources */,
				C5768674258E9E5D0095A8CC /* PreQuizViewController.swift in Sources */,
				C57414622544D1A300D771FE /* TypeInViewController.swift in Sources */,
				C54282FC25573E3300A50DAF /* WordList.swift in Sources */,
			);
			runOnlyForDeploymentPostprocessing = 0;
		};
/* End PBXSourcesBuildPhase section */

/* Begin PBXVariantGroup section */
		C550C650253469AF00EE103E /* LaunchScreen.storyboard */ = {
			isa = PBXVariantGroup;
			children = (
				C550C651253469AF00EE103E /* Base */,
			);
			name = LaunchScreen.storyboard;
			sourceTree = "<group>";
		};
/* End PBXVariantGroup section */

/* Begin XCBuildConfiguration section */
		C550C654253469AF00EE103E /* Debug */ = {
			isa = XCBuildConfiguration;
			buildSettings = {
				ALWAYS_SEARCH_USER_PATHS = NO;
				CLANG_ANALYZER_NONNULL = YES;
				CLANG_ANALYZER_NUMBER_OBJECT_CONVERSION = YES_AGGRESSIVE;
				CLANG_CXX_LANGUAGE_STANDARD = "gnu++14";
				CLANG_CXX_LIBRARY = "libc++";
				CLANG_ENABLE_MODULES = YES;
				CLANG_ENABLE_OBJC_ARC = YES;
				CLANG_ENABLE_OBJC_WEAK = YES;
				CLANG_WARN_BLOCK_CAPTURE_AUTORELEASING = YES;
				CLANG_WARN_BOOL_CONVERSION = YES;
				CLANG_WARN_COMMA = YES;
				CLANG_WARN_CONSTANT_CONVERSION = YES;
				CLANG_WARN_DEPRECATED_OBJC_IMPLEMENTATIONS = YES;
				CLANG_WARN_DIRECT_OBJC_ISA_USAGE = YES_ERROR;
				CLANG_WARN_DOCUMENTATION_COMMENTS = YES;
				CLANG_WARN_EMPTY_BODY = YES;
				CLANG_WARN_ENUM_CONVERSION = YES;
				CLANG_WARN_INFINITE_RECURSION = YES;
				CLANG_WARN_INT_CONVERSION = YES;
				CLANG_WARN_NON_LITERAL_NULL_CONVERSION = YES;
				CLANG_WARN_OBJC_IMPLICIT_RETAIN_SELF = YES;
				CLANG_WARN_OBJC_LITERAL_CONVERSION = YES;
				CLANG_WARN_OBJC_ROOT_CLASS = YES_ERROR;
				CLANG_WARN_QUOTED_INCLUDE_IN_FRAMEWORK_HEADER = YES;
				CLANG_WARN_RANGE_LOOP_ANALYSIS = YES;
				CLANG_WARN_STRICT_PROTOTYPES = YES;
				CLANG_WARN_SUSPICIOUS_MOVE = YES;
				CLANG_WARN_UNGUARDED_AVAILABILITY = YES_AGGRESSIVE;
				CLANG_WARN_UNREACHABLE_CODE = YES;
				CLANG_WARN__DUPLICATE_METHOD_MATCH = YES;
				COPY_PHASE_STRIP = NO;
				DEBUG_INFORMATION_FORMAT = dwarf;
				ENABLE_STRICT_OBJC_MSGSEND = YES;
				ENABLE_TESTABILITY = YES;
				GCC_C_LANGUAGE_STANDARD = gnu11;
				GCC_DYNAMIC_NO_PIC = NO;
				GCC_NO_COMMON_BLOCKS = YES;
				GCC_OPTIMIZATION_LEVEL = 0;
				GCC_PREPROCESSOR_DEFINITIONS = (
					"DEBUG=1",
					"$(inherited)",
				);
				GCC_WARN_64_TO_32_BIT_CONVERSION = YES;
				GCC_WARN_ABOUT_RETURN_TYPE = YES_ERROR;
				GCC_WARN_UNDECLARED_SELECTOR = YES;
				GCC_WARN_UNINITIALIZED_AUTOS = YES_AGGRESSIVE;
				GCC_WARN_UNUSED_FUNCTION = YES;
				GCC_WARN_UNUSED_VARIABLE = YES;
				IPHONEOS_DEPLOYMENT_TARGET = 14.2;
				MTL_ENABLE_DEBUG_INFO = INCLUDE_SOURCE;
				MTL_FAST_MATH = YES;
				ONLY_ACTIVE_ARCH = YES;
				SDKROOT = iphoneos;
				SWIFT_ACTIVE_COMPILATION_CONDITIONS = DEBUG;
				SWIFT_OPTIMIZATION_LEVEL = "-Onone";
			};
			name = Debug;
		};
		C550C655253469AF00EE103E /* Release */ = {
			isa = XCBuildConfiguration;
			buildSettings = {
				ALWAYS_SEARCH_USER_PATHS = NO;
				CLANG_ANALYZER_NONNULL = YES;
				CLANG_ANALYZER_NUMBER_OBJECT_CONVERSION = YES_AGGRESSIVE;
				CLANG_CXX_LANGUAGE_STANDARD = "gnu++14";
				CLANG_CXX_LIBRARY = "libc++";
				CLANG_ENABLE_MODULES = YES;
				CLANG_ENABLE_OBJC_ARC = YES;
				CLANG_ENABLE_OBJC_WEAK = YES;
				CLANG_WARN_BLOCK_CAPTURE_AUTORELEASING = YES;
				CLANG_WARN_BOOL_CONVERSION = YES;
				CLANG_WARN_COMMA = YES;
				CLANG_WARN_CONSTANT_CONVERSION = YES;
				CLANG_WARN_DEPRECATED_OBJC_IMPLEMENTATIONS = YES;
				CLANG_WARN_DIRECT_OBJC_ISA_USAGE = YES_ERROR;
				CLANG_WARN_DOCUMENTATION_COMMENTS = YES;
				CLANG_WARN_EMPTY_BODY = YES;
				CLANG_WARN_ENUM_CONVERSION = YES;
				CLANG_WARN_INFINITE_RECURSION = YES;
				CLANG_WARN_INT_CONVERSION = YES;
				CLANG_WARN_NON_LITERAL_NULL_CONVERSION = YES;
				CLANG_WARN_OBJC_IMPLICIT_RETAIN_SELF = YES;
				CLANG_WARN_OBJC_LITERAL_CONVERSION = YES;
				CLANG_WARN_OBJC_ROOT_CLASS = YES_ERROR;
				CLANG_WARN_QUOTED_INCLUDE_IN_FRAMEWORK_HEADER = YES;
				CLANG_WARN_RANGE_LOOP_ANALYSIS = YES;
				CLANG_WARN_STRICT_PROTOTYPES = YES;
				CLANG_WARN_SUSPICIOUS_MOVE = YES;
				CLANG_WARN_UNGUARDED_AVAILABILITY = YES_AGGRESSIVE;
				CLANG_WARN_UNREACHABLE_CODE = YES;
				CLANG_WARN__DUPLICATE_METHOD_MATCH = YES;
				COPY_PHASE_STRIP = NO;
				DEBUG_INFORMATION_FORMAT = "dwarf-with-dsym";
				ENABLE_NS_ASSERTIONS = NO;
				ENABLE_STRICT_OBJC_MSGSEND = YES;
				GCC_C_LANGUAGE_STANDARD = gnu11;
				GCC_NO_COMMON_BLOCKS = YES;
				GCC_WARN_64_TO_32_BIT_CONVERSION = YES;
				GCC_WARN_ABOUT_RETURN_TYPE = YES_ERROR;
				GCC_WARN_UNDECLARED_SELECTOR = YES;
				GCC_WARN_UNINITIALIZED_AUTOS = YES_AGGRESSIVE;
				GCC_WARN_UNUSED_FUNCTION = YES;
				GCC_WARN_UNUSED_VARIABLE = YES;
				IPHONEOS_DEPLOYMENT_TARGET = 14.2;
				MTL_ENABLE_DEBUG_INFO = NO;
				MTL_FAST_MATH = YES;
				SDKROOT = iphoneos;
				SWIFT_COMPILATION_MODE = wholemodule;
				SWIFT_OPTIMIZATION_LEVEL = "-O";
				VALIDATE_PRODUCT = YES;
			};
			name = Release;
		};
		C550C657253469AF00EE103E /* Debug */ = {
			isa = XCBuildConfiguration;
			baseConfigurationReference = 3AD27750C850E4AD94E0A8A9 /* Pods-VocTrainer.debug.xcconfig */;
			buildSettings = {
				ALWAYS_SEARCH_USER_PATHS = YES;
				ASSETCATALOG_COMPILER_APPICON_NAME = AppIcon;
				ASSETCATALOG_COMPILER_GLOBAL_ACCENT_COLOR_NAME = AccentColor;
				CLANG_ENABLE_MODULES = YES;
				CODE_SIGN_IDENTITY = "Apple Development";
				CODE_SIGN_STYLE = Automatic;
				DEVELOPMENT_TEAM = NGD2YKJV75;
				HEADER_SEARCH_PATHS = "";
				INFOPLIST_FILE = VocTrainer/Info.plist;
				LD_RUNPATH_SEARCH_PATHS = (
					"$(inherited)",
					"@executable_path/Frameworks",
				);
				LIBRARY_SEARCH_PATHS = "";
				PRODUCT_BUNDLE_IDENTIFIER = com.S.Thiviyan.VocTrainer;
				PRODUCT_NAME = "$(TARGET_NAME)";
				PROVISIONING_PROFILE_SPECIFIER = "";
				SWIFT_OPTIMIZATION_LEVEL = "-Onone";
				SWIFT_VERSION = 5.0;
				TARGETED_DEVICE_FAMILY = "1,2";
			};
			name = Debug;
		};
		C550C658253469AF00EE103E /* Release */ = {
			isa = XCBuildConfiguration;
			baseConfigurationReference = 72327746F95FDCACD32499F0 /* Pods-VocTrainer.release.xcconfig */;
			buildSettings = {
				ALWAYS_SEARCH_USER_PATHS = YES;
				ASSETCATALOG_COMPILER_APPICON_NAME = AppIcon;
				ASSETCATALOG_COMPILER_GLOBAL_ACCENT_COLOR_NAME = AccentColor;
				CLANG_ENABLE_MODULES = YES;
				CODE_SIGN_IDENTITY = "Apple Development";
				CODE_SIGN_STYLE = Automatic;
				DEVELOPMENT_TEAM = NGD2YKJV75;
				HEADER_SEARCH_PATHS = "";
				INFOPLIST_FILE = VocTrainer/Info.plist;
				LD_RUNPATH_SEARCH_PATHS = (
					"$(inherited)",
					"@executable_path/Frameworks",
				);
				LIBRARY_SEARCH_PATHS = "";
				PRODUCT_BUNDLE_IDENTIFIER = com.S.Thiviyan.VocTrainer;
				PRODUCT_NAME = "$(TARGET_NAME)";
				PROVISIONING_PROFILE_SPECIFIER = "";
				SWIFT_VERSION = 5.0;
				TARGETED_DEVICE_FAMILY = "1,2";
			};
			name = Release;
		};
/* End XCBuildConfiguration section */

/* Begin XCConfigurationList section */
		C550C63D253469AE00EE103E /* Build configuration list for PBXProject "VocTrainer" */ = {
			isa = XCConfigurationList;
			buildConfigurations = (
				C550C654253469AF00EE103E /* Debug */,
				C550C655253469AF00EE103E /* Release */,
			);
			defaultConfigurationIsVisible = 0;
			defaultConfigurationName = Release;
		};
		C550C656253469AF00EE103E /* Build configuration list for PBXNativeTarget "VocTrainer" */ = {
			isa = XCConfigurationList;
			buildConfigurations = (
				C550C657253469AF00EE103E /* Debug */,
				C550C658253469AF00EE103E /* Release */,
			);
			defaultConfigurationIsVisible = 0;
			defaultConfigurationName = Release;
		};
/* End XCConfigurationList section */
	};
	rootObject = C550C63A253469AE00EE103E /* Project object */;
}
